{
  "name": "proyectoAPI",
  "version": "1.0.0",
  "description": "API con Flask y Firebase",
  "main": "app.py",
  "scripts": {
    "start": "python app.py",
    "build": "echo \"No build steps needed for a Flask API\""
  },
  "dependencies": {
    "flask": "^2.1.1",
    "firebase-admin": "^9.0.0"
  },
  "devDependencies": {}
}

