{
  "name": "proyectoAPI",
  "version": "1.0.0",
  "lockfileVersion": 3,
  "requires": true,
  "description": "API con Flask y Firebase",
  "main": "app.py",
  "packages": {},
  "devDependencies": {},
  "scripts": {
    "build": "echo \"No build steps needed for a Flask API\"",
    "start": "python app.py"
  }
}
